
Microsoft Visual Studio Solution File, Format Version 12.00
# Visual Studio Version 17
VisualStudioVersion = 17.7.34018.315
MinimumVisualStudioVersion = 10.0.40219.1
Project("{FAE04EC0-301F-11D3-BF4B-00C04F79EFBC}") = "baguio1", "baguio1.csproj", "{4E1C4C5E-A91C-42F4-A033-F1D3CDC9B94F}"
EndProject
Global
	GlobalSection(SolutionConfigurationPlatforms) = preSolution
		Debug|Any CPU = Debug|Any CPU
		Release|Any CPU = Release|Any CPU
	EndGlobalSection
	GlobalSection(ProjectConfigurationPlatforms) = postSolution
		{4E1C4C5E-A91C-42F4-A033-F1D3CDC9B94F}.Debug|Any CPU.ActiveCfg = Debug|Any CPU
		{4E1C4C5E-A91C-42F4-A033-F1D3CDC9B94F}.Debug|Any CPU.Build.0 = Debug|Any CPU
		{4E1C4C5E-A91C-42F4-A033-F1D3CDC9B94F}.Release|Any CPU.ActiveCfg = Release|Any CPU
		{4E1C4C5E-A91C-42F4-A033-F1D3CDC9B94F}.Release|Any CPU.Build.0 = Release|Any CPU
	EndGlobalSection
	GlobalSection(SolutionProperties) = preSolution
		HideSolutionNode = FALSE
	EndGlobalSection
	GlobalSection(ExtensibilityGlobals) = postSolution
		SolutionGuid = {D65189C0-DF70-4DA2-B96F-9CC9298148AB}
	EndGlobalSection
EndGlobal
